NeoBundleLock unite-colorscheme 3aa33866a183f7659594a3f6b66b2334eaebc6a0
NeoBundleLock csapprox 7981dac51d8b6776985aa08cb7b5ee98ea7f2ddd
NeoBundleLock unite-tag 9e8bbe5271a3950992be39f6b586f25d2cf1a271
NeoBundleLock vim-maktaba d14627a96187cb22180d6e9255ccc45057a9bfeb
NeoBundleLock vim-surround 772ab9587b7d1e2c3bae75395c9123803059ba8a
NeoBundleLock HTML-AutoCloseTag c2f6f59cf5c08dd487ef361f93ba09317a840e25
NeoBundleLock vim-unite-history 73c766a4dcaa52a1c0306aad81403dc4457c1776
NeoBundleLock unite-airline_themes cc475199799a64ca7eef984ee16f35f22a458dc1
NeoBundleLock python-mode 9c8468e83232c3e45b730d2d0b28d609053dec05
NeoBundleLock vim-abolish 665bed73aded4049a6d9bdaf3c87ee69af983abb
NeoBundleLock vim-over 9ef228655f4dab2d83c0b9af10d59c5b1a7aad7d
NeoBundleLock vimshell.vim a46ea270cf5944f0f6f0cf55508bead42ab8d139
NeoBundleLock vim-kolor c0a87a20bf665775cdc0c49f9acf66b511ad5e3f
NeoBundleLock splitjoin.vim 20868936ea2af5f8a929b0924db65f8a27035a89
NeoBundleLock vim-bundler 48abb774c72732a75f8ab05ee7493b1041dd8ae8
NeoBundleLock vim-hybrid 7d530218dbcc5b5a9d473bcd2dbd2a85e7be99fd
NeoBundleLock jedi-vim 78fc26456acc701ffa121fe8d99ab77dcac994ef
NeoBundleLock vim-wordy 65d4e67e7a137a1b770a3202dd113d1f5f5ae22d
NeoBundleLock vim-startify 08c0164a1bf6088ad81baf1801b5b4da079b48ef
NeoBundleLock vim-codefmt daf16659e8cb0e55d77c261c9adda8a3ee580be6
NeoBundleLock vim-textobj-underscore 1200f05badc4cba2f35a7df93cbce8393fd30003
NeoBundleLock vim-unimpaired 3548479cc154154cbdbb6737ca08a47937cc7113
NeoBundleLock vim-speeddating 426c792e479f6e1650a6996c683943a09344c21e
NeoBundleLock unite-session ae8b51c31e18c38a85d290b1bd23ac2558ca7fe1
NeoBundleLock vim-textobj-quote 85b6b307954329a29a6a4a552d7b11d7fe322993
NeoBundleLock dash.vim 8dc25d544d567a86e00a97df1afe92caad3dfbfb
NeoBundleLock tabular 60f25648814f0695eeb6c1040d97adca93c4e0bb
NeoBundleLock molokai db8ce13b3737d3ddea8368498183d7c204a762eb
NeoBundleLock vim-indent-guides 184e55848de2304cabc5c03d2afe9b8fd098c58c
NeoBundleLock funcoo.vim acb0b4f38f26ecd7760b893ef8c2b2183e280d63
NeoBundleLock GoldenView.Vim 31af855bd56efe349ef2b8feff5114c8dca734da
NeoBundleLock vim-fugitive 0095769029709b531d2505ee6ad9907dd9bd72a0
NeoBundleLock gitv 76a30e96eeb977e9dc8a8a5cc15b7f903c420e67
NeoBundleLock xterm-color-table.vim 9754e857e5f4fe1f8727106dcc682d21c29a51e4
NeoBundleLock vim-smooth-scroll 0eae2367c70c3415b97869346af1b5e30c123dff
NeoBundleLock vim-eunuch e36b9a701dd3d8054e6b8a77b14710276a1d93c8
NeoBundleLock vim-rails 981f8d790cbecd5bbbb907aa30a94f63b6aee041
NeoBundleLock vim-textobj-user 9aa5fd050ecce650fb7ff018397e73a66a41c76b
NeoBundleLock vim-signify 06c51319c00fb3405d461e45252532bd00ee6b24
NeoBundleLock NrrwRgn 0b18ebdaa7b52104c0f29b16c5c3df8cf59e9113
NeoBundleLock vim-quickrun dbd74401b4f8450bd1717d2fd37b8199aefbec80
NeoBundleLock vimwiki cb5c38a575bcdffa52747aef962dc9d61c7a8207
NeoBundleLock vim-expand-region 966513543de0ddc2d673b5528a056269e7917276
NeoBundleLock editorconfig-vim 3a730ac7459ed4dab897d3ec9ad31898b8fcb746
NeoBundleLock neossh.vim fdb24984949aa392dfa6ca9d231e17cc87705b66
NeoBundleLock gist-vim 340638a6746c8d7e7a86e7ffd4e53ff5a20e9e1c
NeoBundleLock vim-airline f1869cc47cffbfa9846f9c3681d9e3813e7407f4
NeoBundleLock unite.vim 0470970d2f24245b4cad799af7641e6e358bce74
NeoBundleLock vim-textobj-entire 41c12e1d957f9247cf31b7444a3077c581d2776c
NeoBundleLock vim-bufsurf e996c94000dc44a66e5c5d27bd24364d23839ac9
NeoBundleLock vim-php-namespace 9a1c88cd14162f61a3535d514b5d07a1e4f12805
NeoBundleLock vim-tomorrow-theme f45a2ca260d825b6aee72621f8f6158d815ac472
NeoBundleLock vim-sneak 565c2ef37b3a05c33466805dc1fefa19669bb793
NeoBundleLock vimfiler.vim 57078e1dc9dd2ee50b8a711fc462f64a3e05e161
NeoBundleLock matchit.zip ced6c409c9beeb0b4142d21906606bd194411d1d
NeoBundleLock vim-easymotion 8acdfc60e58bb0600ded42a4f752bec6e3b6d882
NeoBundleLock vim-endwise bba43b831ae0485cf9b86d16340a6a314b927391
NeoBundleLock vim-visualstar a75843122da03058188ea679c4e871d8c8b41b3a
NeoBundleLock vim-qfreplace 89e64ae24fb4b8e2402ba6d84971c06606f4adf4
NeoBundleLock junkfile.vim 959b3137dda456789d402b416d962baefc3b5ab4
NeoBundleLock vim-repeat b01aafbd8d44573abf0ad36afb2df66e92f1a680
NeoBundleLock neosnippet.vim 044c9cb8ca46a5e27eec37198990c26fe707b02a
NeoBundleLock vim-go 1d2c4253510cb4289f26670bee52fad472de584c
NeoBundleLock MatchTag 6dfdab1530d47b77a1839b9477f27c33a2f10b26
NeoBundleLock vim-textobj-indent deb76867c302f933c8f21753806cbf2d8461b548
NeoBundleLock neobundle.vim 5335a1562b0f4717dbe4a4a1e87bf300cf6f51d5
NeoBundleLock vim-litecorrect d8a55e73ee06f99473e51c695e9b706253686173
NeoBundleLock vim-node.js f25152daaf640a60221c918713ae29e870b28581
NeoBundleLock badwolf e6fdf1844ac7fe9f479f93846081f9294eb992c0
NeoBundleLock neocomplete.vim 55bb5f8bef3de4d361077ae321bb4354d886782b
NeoBundleLock bufkill.vim 1beec8127b6b03ea931b8e9e973b65bb1e2d7cb0
NeoBundleLock vimproc.vim 0f68bcd93399ecbcde3eaa4efd09107314c9bdee
NeoBundleLock undotree fa018f38252f58073f2987f8bf0d2d4a61e07277
NeoBundleLock vim-jsbeautify 6b6b023e6b804640da52f5a8567324907e0c9c0e
NeoBundleLock tagbar 3634e7ab4feeab8ad49166e9e716638c20f1637c
NeoBundleLock neosnippet-snippets aa64d30cde0b011b23616dbe29ccf60304039ab2
NeoBundleLock vim-textobj-sentence b32970a7f87dbfdafc66c0d955c5c17d30344dca
NeoBundleLock vim-dispatch 70d47ab198458cd0869283cd4252df4fee6e622d
NeoBundleLock syntastic ac96ae4a2733342a86929fb3b3a1ecaddfaad2fb
NeoBundleLock jellybeans.vim f931895c20681684278aef2ffd810730b9c36ec3
NeoBundleLock tcomment_vim 6972b5b4943599ae3024a5e36a9b0993c0e2d24c
NeoBundleLock vim_faq 6a32a6dbe03beba3a2f0be4e7ab376a9153c7f12
NeoBundleLock base16-vim e711e9b1412b55fec7e8a5cff4ac5c06f9078729
NeoBundleLock vim-phpfmt ed8cb9dd1da5cdd79a5d0b1430aedcfaa846d540
NeoBundleLock webapi-vim a7789abffe936db56e3152e23733847f94755753
NeoBundleLock vim-colors-solarized 528a59f26d12278698bb946f8fb82a63711eec21
NeoBundleLock vim-snippets 5b5633359d8777cda96a48114130dd598715b63a
NeoBundleLock unite-help f61cbf4015c143ebe6ca6cb589b088665a8325cd
NeoBundleLock neomru.vim 24f9185ca019f3b8f4896929c6bf5148f982f344
NeoBundleLock unite-outline 9ce9089cc0f5f0420588867e28f59ea63f879e68
NeoBundleLock vim-codefmtlib 026ac0bd587e9dc444cf0a21964882ab7ce73a78
NeoBundleLock vim-polyglot 7b9891ded803a030ed36e161e48d0693778c1912
